
Microsoft Visual Studio Solution File, Format Version 12.00
# Visual Studio 14
VisualStudioVersion = 14.0.25420.1
MinimumVisualStudioVersion = 10.0.40219.1
Project("{FAE04EC0-301F-11D3-BF4B-00C04F79EFBC}") = "ALL-IN database application", "ALL-IN database application\ALL-IN database application.csproj", "{F98377DC-D166-48D7-AC76-776EA8FB3974}"
EndProject
Project("{F088123C-0E9E-452A-89E6-6BA2F21D5CAC}") = "UMLDiagram", "UMLDiagram\UMLDiagram.modelproj", "{9FCBE5B0-305D-4735-9051-FCEADF30B2D2}"
EndProject
Global
	GlobalSection(SolutionConfigurationPlatforms) = preSolution
		Debug|Any CPU = Debug|Any CPU
		Release|Any CPU = Release|Any CPU
	EndGlobalSection
	GlobalSection(ProjectConfigurationPlatforms) = postSolution
		{F98377DC-D166-48D7-AC76-776EA8FB3974}.Debug|Any CPU.ActiveCfg = Debug|Any CPU
		{F98377DC-D166-48D7-AC76-776EA8FB3974}.Debug|Any CPU.Build.0 = Debug|Any CPU
		{F98377DC-D166-48D7-AC76-776EA8FB3974}.Release|Any CPU.ActiveCfg = Release|Any CPU
		{F98377DC-D166-48D7-AC76-776EA8FB3974}.Release|Any CPU.Build.0 = Release|Any CPU
		{9FCBE5B0-305D-4735-9051-FCEADF30B2D2}.Debug|Any CPU.ActiveCfg = Debug|Any CPU
		{9FCBE5B0-305D-4735-9051-FCEADF30B2D2}.Debug|Any CPU.Build.0 = Debug|Any CPU
		{9FCBE5B0-305D-4735-9051-FCEADF30B2D2}.Release|Any CPU.ActiveCfg = Release|Any CPU
		{9FCBE5B0-305D-4735-9051-FCEADF30B2D2}.Release|Any CPU.Build.0 = Release|Any CPU
	EndGlobalSection
	GlobalSection(SolutionProperties) = preSolution
		HideSolutionNode = FALSE
	EndGlobalSection
EndGlobal
